PODS:
  - DetectorKit (0.0.2)

DEPENDENCIES:
  - DetectorKit (from `../FRAMEWORKS/DetectorKit`)

EXTERNAL SOURCES:
  DetectorKit:
    :path: "../FRAMEWORKS/DetectorKit"

SPEC CHECKSUMS:
  DetectorKit: 3be0afa4c9e65af7fb6225462ef2eca29c5378a0

PODFILE CHECKSUM: 65ebe2277df68b6683e6cfa0cb838cfb8a25415c

COCOAPODS: 1.1.1
