// !$*UTF8*$!
{
	archiveVersion = 1;
	classes = {
	};
	objectVersion = 46;
	objects = {

/* Begin PBXBuildFile section */
		AA5D72761DFCA15400C31AE4 /* CoordConverter.swift in Sources */ = {isa = PBXBuildFile; fileRef = AA5D72751DFCA15400C31AE4 /* CoordConverter.swift */; };
		AA5D72781DFD0DA900C31AE4 /* TriRadialView.swift in Sources */ = {isa = PBXBuildFile; fileRef = AA5D72771DFD0DA900C31AE4 /* TriRadialView.swift */; };
		AA5D727B1DFD184800C31AE4 /* SpinAnimation.swift in Sources */ = {isa = PBXBuildFile; fileRef = AA5D727A1DFD184800C31AE4 /* SpinAnimation.swift */; };
		AA5D727F1DFE083C00C31AE4 /* BaseObscure.swift in Sources */ = {isa = PBXBuildFile; fileRef = AA5D727C1DFE083C00C31AE4 /* BaseObscure.swift */; };
		AA5D72801DFE083C00C31AE4 /* FaceObscure.swift in Sources */ = {isa = PBXBuildFile; fileRef = AA5D727D1DFE083C00C31AE4 /* FaceObscure.swift */; };
		AA5D72811DFE083C00C31AE4 /* TextObscure.swift in Sources */ = {isa = PBXBuildFile; fileRef = AA5D727E1DFE083C00C31AE4 /* TextObscure.swift */; };
		AA5D72851DFE088D00C31AE4 /* BaseDetector.swift in Sources */ = {isa = PBXBuildFile; fileRef = AA5D72821DFE088D00C31AE4 /* BaseDetector.swift */; };
		AA5D72861DFE088D00C31AE4 /* FaceDetector.swift in Sources */ = {isa = PBXBuildFile; fileRef = AA5D72831DFE088D00C31AE4 /* FaceDetector.swift */; };
		AA5D72871DFE088D00C31AE4 /* TextDetector.swift in Sources */ = {isa = PBXBuildFile; fileRef = AA5D72841DFE088D00C31AE4 /* TextDetector.swift */; };
		AA5D728B1DFE08D900C31AE4 /* BaseFramer.swift in Sources */ = {isa = PBXBuildFile; fileRef = AA5D72881DFE08D900C31AE4 /* BaseFramer.swift */; };
		AA5D728C1DFE08D900C31AE4 /* FaceFramer.swift in Sources */ = {isa = PBXBuildFile; fileRef = AA5D72891DFE08D900C31AE4 /* FaceFramer.swift */; };
		AA5D728D1DFE08D900C31AE4 /* TextFramer.swift in Sources */ = {isa = PBXBuildFile; fileRef = AA5D728A1DFE08D900C31AE4 /* TextFramer.swift */; };
		AA5D72901DFE0A2C00C31AE4 /* Masker.swift in Sources */ = {isa = PBXBuildFile; fileRef = AA5D728E1DFE0A2C00C31AE4 /* Masker.swift */; };
		AA5D72911DFE0A2C00C31AE4 /* MaskFeature.swift in Sources */ = {isa = PBXBuildFile; fileRef = AA5D728F1DFE0A2C00C31AE4 /* MaskFeature.swift */; };
		AA5D72951DFE0A4100C31AE4 /* Crystalizer.swift in Sources */ = {isa = PBXBuildFile; fileRef = AA5D72921DFE0A4100C31AE4 /* Crystalizer.swift */; };
		AA5D72961DFE0A4100C31AE4 /* ObscureFilter.swift in Sources */ = {isa = PBXBuildFile; fileRef = AA5D72931DFE0A4100C31AE4 /* ObscureFilter.swift */; };
		AA5D72971DFE0A4100C31AE4 /* Pixelator.swift in Sources */ = {isa = PBXBuildFile; fileRef = AA5D72941DFE0A4100C31AE4 /* Pixelator.swift */; };
		AA5D729E1DFE0A5600C31AE4 /* BlendMask.swift in Sources */ = {isa = PBXBuildFile; fileRef = AA5D72981DFE0A5600C31AE4 /* BlendMask.swift */; };
		AA5D729F1DFE0A5600C31AE4 /* GradientMask.swift in Sources */ = {isa = PBXBuildFile; fileRef = AA5D72991DFE0A5600C31AE4 /* GradientMask.swift */; };
		AA5D72A01DFE0A5600C31AE4 /* MaskFilter.swift in Sources */ = {isa = PBXBuildFile; fileRef = AA5D729A1DFE0A5600C31AE4 /* MaskFilter.swift */; };
		AA5D72A11DFE0A5600C31AE4 /* OverComp.swift in Sources */ = {isa = PBXBuildFile; fileRef = AA5D729B1DFE0A5600C31AE4 /* OverComp.swift */; };
		AA5D72A21DFE0A5600C31AE4 /* RadialGradient.swift in Sources */ = {isa = PBXBuildFile; fileRef = AA5D729C1DFE0A5600C31AE4 /* RadialGradient.swift */; };
		AA5D72A31DFE0A5600C31AE4 /* RectGradient.swift in Sources */ = {isa = PBXBuildFile; fileRef = AA5D729D1DFE0A5600C31AE4 /* RectGradient.swift */; };
		AA5D72A51DFE0AF800C31AE4 /* ViewController.swift in Sources */ = {isa = PBXBuildFile; fileRef = AA5D72A41DFE0AF800C31AE4 /* ViewController.swift */; };
		AA5D72AF1DFE0B0E00C31AE4 /* group_stock_2.jpg in Resources */ = {isa = PBXBuildFile; fileRef = AA5D72A61DFE0B0E00C31AE4 /* group_stock_2.jpg */; };
		AA5D72B01DFE0B0E00C31AE4 /* group_stock.jpg in Resources */ = {isa = PBXBuildFile; fileRef = AA5D72A71DFE0B0E00C31AE4 /* group_stock.jpg */; };
		AA5D72B11DFE0B0E00C31AE4 /* image_1.jpg in Resources */ = {isa = PBXBuildFile; fileRef = AA5D72A81DFE0B0E00C31AE4 /* image_1.jpg */; };
		AA5D72B21DFE0B0E00C31AE4 /* image_2.jpg in Resources */ = {isa = PBXBuildFile; fileRef = AA5D72A91DFE0B0E00C31AE4 /* image_2.jpg */; };
		AA5D72B31DFE0B0E00C31AE4 /* image_3.jpg in Resources */ = {isa = PBXBuildFile; fileRef = AA5D72AA1DFE0B0E00C31AE4 /* image_3.jpg */; };
		AA5D72B41DFE0B0E00C31AE4 /* image_4.jpg in Resources */ = {isa = PBXBuildFile; fileRef = AA5D72AB1DFE0B0E00C31AE4 /* image_4.jpg */; };
		AA5D72B51DFE0B0E00C31AE4 /* image_6.jpg in Resources */ = {isa = PBXBuildFile; fileRef = AA5D72AC1DFE0B0E00C31AE4 /* image_6.jpg */; };
		AA5D72B61DFE0B0E00C31AE4 /* text_image_1.jpg in Resources */ = {isa = PBXBuildFile; fileRef = AA5D72AD1DFE0B0E00C31AE4 /* text_image_1.jpg */; };
		AA5D72B71DFE0B0E00C31AE4 /* text_image_2.jpg in Resources */ = {isa = PBXBuildFile; fileRef = AA5D72AE1DFE0B0E00C31AE4 /* text_image_2.jpg */; };
		AAECCB6D1DF243AD004B7275 /* AppDelegate.swift in Sources */ = {isa = PBXBuildFile; fileRef = AAECCB6C1DF243AD004B7275 /* AppDelegate.swift */; };
		AAECCB721DF243AD004B7275 /* Main.storyboard in Resources */ = {isa = PBXBuildFile; fileRef = AAECCB701DF243AD004B7275 /* Main.storyboard */; };
		AAECCB741DF243AD004B7275 /* Assets.xcassets in Resources */ = {isa = PBXBuildFile; fileRef = AAECCB731DF243AD004B7275 /* Assets.xcassets */; };
		AAECCB771DF243AD004B7275 /* LaunchScreen.storyboard in Resources */ = {isa = PBXBuildFile; fileRef = AAECCB751DF243AD004B7275 /* LaunchScreen.storyboard */; };
		AAECCBBA1DF77B9C004B7275 /* BoxView.swift in Sources */ = {isa = PBXBuildFile; fileRef = AAECCBB91DF77B9C004B7275 /* BoxView.swift */; };
		AAECCBDE1DFA0874004B7275 /* RadialView.swift in Sources */ = {isa = PBXBuildFile; fileRef = AAECCBDD1DFA0874004B7275 /* RadialView.swift */; };
		AAECCBE01DFA1A2D004B7275 /* BaseFrameView.swift in Sources */ = {isa = PBXBuildFile; fileRef = AAECCBDF1DFA1A2D004B7275 /* BaseFrameView.swift */; };
/* End PBXBuildFile section */

/* Begin PBXFileReference section */
		AA5D72751DFCA15400C31AE4 /* CoordConverter.swift */ = {isa = PBXFileReference; fileEncoding = 4; lastKnownFileType = sourcecode.swift; name = CoordConverter.swift; path = Models/Helpers/CoordConverter.swift; sourceTree = "<group>"; };
		AA5D72771DFD0DA900C31AE4 /* TriRadialView.swift */ = {isa = PBXFileReference; fileEncoding = 4; lastKnownFileType = sourcecode.swift; name = TriRadialView.swift; path = Views/TriRadialView.swift; sourceTree = "<group>"; };
		AA5D727A1DFD184800C31AE4 /* SpinAnimation.swift */ = {isa = PBXFileReference; fileEncoding = 4; lastKnownFileType = sourcecode.swift; name = SpinAnimation.swift; path = Views/Animations/SpinAnimation.swift; sourceTree = "<group>"; };
		AA5D727C1DFE083C00C31AE4 /* BaseObscure.swift */ = {isa = PBXFileReference; fileEncoding = 4; lastKnownFileType = sourcecode.swift; name = BaseObscure.swift; path = Models/Obfuscators/BaseObscure.swift; sourceTree = "<group>"; };
		AA5D727D1DFE083C00C31AE4 /* FaceObscure.swift */ = {isa = PBXFileReference; fileEncoding = 4; lastKnownFileType = sourcecode.swift; name = FaceObscure.swift; path = Models/Obfuscators/FaceObscure.swift; sourceTree = "<group>"; };
		AA5D727E1DFE083C00C31AE4 /* TextObscure.swift */ = {isa = PBXFileReference; fileEncoding = 4; lastKnownFileType = sourcecode.swift; name = TextObscure.swift; path = Models/Obfuscators/TextObscure.swift; sourceTree = "<group>"; };
		AA5D72821DFE088D00C31AE4 /* BaseDetector.swift */ = {isa = PBXFileReference; fileEncoding = 4; lastKnownFileType = sourcecode.swift; name = BaseDetector.swift; path = Models/Detectors/BaseDetector.swift; sourceTree = "<group>"; };
		AA5D72831DFE088D00C31AE4 /* FaceDetector.swift */ = {isa = PBXFileReference; fileEncoding = 4; lastKnownFileType = sourcecode.swift; name = FaceDetector.swift; path = Models/Detectors/FaceDetector.swift; sourceTree = "<group>"; };
		AA5D72841DFE088D00C31AE4 /* TextDetector.swift */ = {isa = PBXFileReference; fileEncoding = 4; lastKnownFileType = sourcecode.swift; name = TextDetector.swift; path = Models/Detectors/TextDetector.swift; sourceTree = "<group>"; };
		AA5D72881DFE08D900C31AE4 /* BaseFramer.swift */ = {isa = PBXFileReference; fileEncoding = 4; lastKnownFileType = sourcecode.swift; name = BaseFramer.swift; path = Models/Framers/BaseFramer.swift; sourceTree = "<group>"; };
		AA5D72891DFE08D900C31AE4 /* FaceFramer.swift */ = {isa = PBXFileReference; fileEncoding = 4; lastKnownFileType = sourcecode.swift; name = FaceFramer.swift; path = Models/Framers/FaceFramer.swift; sourceTree = "<group>"; };
		AA5D728A1DFE08D900C31AE4 /* TextFramer.swift */ = {isa = PBXFileReference; fileEncoding = 4; lastKnownFileType = sourcecode.swift; name = TextFramer.swift; path = Models/Framers/TextFramer.swift; sourceTree = "<group>"; };
		AA5D728E1DFE0A2C00C31AE4 /* Masker.swift */ = {isa = PBXFileReference; fileEncoding = 4; lastKnownFileType = sourcecode.swift; name = Masker.swift; path = Models/Filters/Masker.swift; sourceTree = "<group>"; };
		AA5D728F1DFE0A2C00C31AE4 /* MaskFeature.swift */ = {isa = PBXFileReference; fileEncoding = 4; lastKnownFileType = sourcecode.swift; name = MaskFeature.swift; path = Models/Filters/MaskFeature.swift; sourceTree = "<group>"; };
		AA5D72921DFE0A4100C31AE4 /* Crystalizer.swift */ = {isa = PBXFileReference; fileEncoding = 4; lastKnownFileType = sourcecode.swift; name = Crystalizer.swift; path = Models/Filters/ObscureFilters/Crystalizer.swift; sourceTree = "<group>"; };
		AA5D72931DFE0A4100C31AE4 /* ObscureFilter.swift */ = {isa = PBXFileReference; fileEncoding = 4; lastKnownFileType = sourcecode.swift; name = ObscureFilter.swift; path = Models/Filters/ObscureFilters/ObscureFilter.swift; sourceTree = "<group>"; };
		AA5D72941DFE0A4100C31AE4 /* Pixelator.swift */ = {isa = PBXFileReference; fileEncoding = 4; lastKnownFileType = sourcecode.swift; name = Pixelator.swift; path = Models/Filters/ObscureFilters/Pixelator.swift; sourceTree = "<group>"; };
		AA5D72981DFE0A5600C31AE4 /* BlendMask.swift */ = {isa = PBXFileReference; fileEncoding = 4; lastKnownFileType = sourcecode.swift; name = BlendMask.swift; path = Models/Filters/MaskFilters/BlendMask.swift; sourceTree = "<group>"; };
		AA5D72991DFE0A5600C31AE4 /* GradientMask.swift */ = {isa = PBXFileReference; fileEncoding = 4; lastKnownFileType = sourcecode.swift; name = GradientMask.swift; path = Models/Filters/MaskFilters/GradientMask.swift; sourceTree = "<group>"; };
		AA5D729A1DFE0A5600C31AE4 /* MaskFilter.swift */ = {isa = PBXFileReference; fileEncoding = 4; lastKnownFileType = sourcecode.swift; name = MaskFilter.swift; path = Models/Filters/MaskFilters/MaskFilter.swift; sourceTree = "<group>"; };
		AA5D729B1DFE0A5600C31AE4 /* OverComp.swift */ = {isa = PBXFileReference; fileEncoding = 4; lastKnownFileType = sourcecode.swift; name = OverComp.swift; path = Models/Filters/MaskFilters/OverComp.swift; sourceTree = "<group>"; };
		AA5D729C1DFE0A5600C31AE4 /* RadialGradient.swift */ = {isa = PBXFileReference; fileEncoding = 4; lastKnownFileType = sourcecode.swift; name = RadialGradient.swift; path = Models/Filters/MaskFilters/RadialGradient.swift; sourceTree = "<group>"; };
		AA5D729D1DFE0A5600C31AE4 /* RectGradient.swift */ = {isa = PBXFileReference; fileEncoding = 4; lastKnownFileType = sourcecode.swift; name = RectGradient.swift; path = Models/Filters/MaskFilters/RectGradient.swift; sourceTree = "<group>"; };
		AA5D72A41DFE0AF800C31AE4 /* ViewController.swift */ = {isa = PBXFileReference; fileEncoding = 4; lastKnownFileType = sourcecode.swift; name = ViewController.swift; path = Controllers/ViewController.swift; sourceTree = "<group>"; };
		AA5D72A61DFE0B0E00C31AE4 /* group_stock_2.jpg */ = {isa = PBXFileReference; lastKnownFileType = image.jpeg; name = group_stock_2.jpg; path = images/group_stock_2.jpg; sourceTree = "<group>"; };
		AA5D72A71DFE0B0E00C31AE4 /* group_stock.jpg */ = {isa = PBXFileReference; lastKnownFileType = image.jpeg; name = group_stock.jpg; path = images/group_stock.jpg; sourceTree = "<group>"; };
		AA5D72A81DFE0B0E00C31AE4 /* image_1.jpg */ = {isa = PBXFileReference; lastKnownFileType = image.jpeg; name = image_1.jpg; path = images/image_1.jpg; sourceTree = "<group>"; };
		AA5D72A91DFE0B0E00C31AE4 /* image_2.jpg */ = {isa = PBXFileReference; lastKnownFileType = image.jpeg; name = image_2.jpg; path = images/image_2.jpg; sourceTree = "<group>"; };
		AA5D72AA1DFE0B0E00C31AE4 /* image_3.jpg */ = {isa = PBXFileReference; lastKnownFileType = image.jpeg; name = image_3.jpg; path = images/image_3.jpg; sourceTree = "<group>"; };
		AA5D72AB1DFE0B0E00C31AE4 /* image_4.jpg */ = {isa = PBXFileReference; lastKnownFileType = image.jpeg; name = image_4.jpg; path = images/image_4.jpg; sourceTree = "<group>"; };
		AA5D72AC1DFE0B0E00C31AE4 /* image_6.jpg */ = {isa = PBXFileReference; lastKnownFileType = image.jpeg; name = image_6.jpg; path = images/image_6.jpg; sourceTree = "<group>"; };
		AA5D72AD1DFE0B0E00C31AE4 /* text_image_1.jpg */ = {isa = PBXFileReference; lastKnownFileType = image.jpeg; name = text_image_1.jpg; path = images/text_image_1.jpg; sourceTree = "<group>"; };
		AA5D72AE1DFE0B0E00C31AE4 /* text_image_2.jpg */ = {isa = PBXFileReference; lastKnownFileType = image.jpeg; name = text_image_2.jpg; path = images/text_image_2.jpg; sourceTree = "<group>"; };
		AAECCB691DF243AD004B7275 /* Sherlock.app */ = {isa = PBXFileReference; explicitFileType = wrapper.application; includeInIndex = 0; path = Sherlock.app; sourceTree = BUILT_PRODUCTS_DIR; };
		AAECCB6C1DF243AD004B7275 /* AppDelegate.swift */ = {isa = PBXFileReference; lastKnownFileType = sourcecode.swift; path = AppDelegate.swift; sourceTree = "<group>"; };
		AAECCB711DF243AD004B7275 /* Base */ = {isa = PBXFileReference; lastKnownFileType = file.storyboard; name = Base; path = Base.lproj/Main.storyboard; sourceTree = "<group>"; };
		AAECCB731DF243AD004B7275 /* Assets.xcassets */ = {isa = PBXFileReference; lastKnownFileType = folder.assetcatalog; path = Assets.xcassets; sourceTree = "<group>"; };
		AAECCB761DF243AD004B7275 /* Base */ = {isa = PBXFileReference; lastKnownFileType = file.storyboard; name = Base; path = Base.lproj/LaunchScreen.storyboard; sourceTree = "<group>"; };
		AAECCB781DF243AD004B7275 /* Info.plist */ = {isa = PBXFileReference; lastKnownFileType = text.plist.xml; path = Info.plist; sourceTree = "<group>"; };
		AAECCBB91DF77B9C004B7275 /* BoxView.swift */ = {isa = PBXFileReference; fileEncoding = 4; lastKnownFileType = sourcecode.swift; name = BoxView.swift; path = Views/BoxView.swift; sourceTree = "<group>"; };
		AAECCBDD1DFA0874004B7275 /* RadialView.swift */ = {isa = PBXFileReference; fileEncoding = 4; lastKnownFileType = sourcecode.swift; name = RadialView.swift; path = Views/RadialView.swift; sourceTree = "<group>"; };
		AAECCBDF1DFA1A2D004B7275 /* BaseFrameView.swift */ = {isa = PBXFileReference; fileEncoding = 4; lastKnownFileType = sourcecode.swift; name = BaseFrameView.swift; path = Views/BaseFrameView.swift; sourceTree = "<group>"; };
/* End PBXFileReference section */

/* Begin PBXFrameworksBuildPhase section */
		AAECCB661DF243AD004B7275 /* Frameworks */ = {
			isa = PBXFrameworksBuildPhase;
			buildActionMask = 2147483647;
			files = (
			);
			runOnlyForDeploymentPostprocessing = 0;
		};
/* End PBXFrameworksBuildPhase section */

/* Begin PBXGroup section */
		AA5D72741DFCA11B00C31AE4 /* Helpers */ = {
			isa = PBXGroup;
			children = (
				AA5D72751DFCA15400C31AE4 /* CoordConverter.swift */,
			);
			name = Helpers;
			sourceTree = "<group>";
		};
		AA5D72791DFD181A00C31AE4 /* Animations */ = {
			isa = PBXGroup;
			children = (
				AA5D727A1DFD184800C31AE4 /* SpinAnimation.swift */,
			);
			name = Animations;
			sourceTree = "<group>";
		};
		AAECCB601DF243AD004B7275 = {
			isa = PBXGroup;
			children = (
				AAECCB6B1DF243AD004B7275 /* Sherlock */,
				AAECCB6A1DF243AD004B7275 /* Products */,
			);
			sourceTree = "<group>";
		};
		AAECCB6A1DF243AD004B7275 /* Products */ = {
			isa = PBXGroup;
			children = (
				AAECCB691DF243AD004B7275 /* Sherlock.app */,
			);
			name = Products;
			sourceTree = "<group>";
		};
		AAECCB6B1DF243AD004B7275 /* Sherlock */ = {
			isa = PBXGroup;
			children = (
				AAECCB6C1DF243AD004B7275 /* AppDelegate.swift */,
				AAECCB701DF243AD004B7275 /* Main.storyboard */,
				AAECCB821DF2AB80004B7275 /* Controllers */,
				AAECCB811DF2AB7A004B7275 /* Views */,
				AAECCB801DF2AB73004B7275 /* Models */,
				AAECCB731DF243AD004B7275 /* Assets.xcassets */,
				AAECCBAB1DF642DF004B7275 /* images */,
				AAECCB751DF243AD004B7275 /* LaunchScreen.storyboard */,
				AAECCB781DF243AD004B7275 /* Info.plist */,
			);
			path = Sherlock;
			sourceTree = "<group>";
		};
		AAECCB801DF2AB73004B7275 /* Models */ = {
			isa = PBXGroup;
			children = (
				AA5D72741DFCA11B00C31AE4 /* Helpers */,
				AAECCBD81DF9693C004B7275 /* Obfuscators */,
				AAECCBD71DF968B8004B7275 /* Detectors */,
				AAECCBCC1DF86E86004B7275 /* Framers */,
				AAECCBB41DF6616B004B7275 /* Filters */,
			);
			name = Models;
			sourceTree = "<group>";
		};
		AAECCB811DF2AB7A004B7275 /* Views */ = {
			isa = PBXGroup;
			children = (
				AA5D72791DFD181A00C31AE4 /* Animations */,
				AAECCBB91DF77B9C004B7275 /* BoxView.swift */,
				AAECCBDD1DFA0874004B7275 /* RadialView.swift */,
				AAECCBDF1DFA1A2D004B7275 /* BaseFrameView.swift */,
				AA5D72771DFD0DA900C31AE4 /* TriRadialView.swift */,
			);
			name = Views;
			sourceTree = "<group>";
		};
		AAECCB821DF2AB80004B7275 /* Controllers */ = {
			isa = PBXGroup;
			children = (
				AA5D72A41DFE0AF800C31AE4 /* ViewController.swift */,
			);
			name = Controllers;
			sourceTree = "<group>";
		};
		AAECCBAB1DF642DF004B7275 /* images */ = {
			isa = PBXGroup;
			children = (
				AA5D72A61DFE0B0E00C31AE4 /* group_stock_2.jpg */,
				AA5D72A71DFE0B0E00C31AE4 /* group_stock.jpg */,
				AA5D72A81DFE0B0E00C31AE4 /* image_1.jpg */,
				AA5D72A91DFE0B0E00C31AE4 /* image_2.jpg */,
				AA5D72AA1DFE0B0E00C31AE4 /* image_3.jpg */,
				AA5D72AB1DFE0B0E00C31AE4 /* image_4.jpg */,
				AA5D72AC1DFE0B0E00C31AE4 /* image_6.jpg */,
				AA5D72AD1DFE0B0E00C31AE4 /* text_image_1.jpg */,
				AA5D72AE1DFE0B0E00C31AE4 /* text_image_2.jpg */,
			);
			name = images;
			sourceTree = "<group>";
		};
		AAECCBB41DF6616B004B7275 /* Filters */ = {
			isa = PBXGroup;
			children = (
				AA5D728E1DFE0A2C00C31AE4 /* Masker.swift */,
				AA5D728F1DFE0A2C00C31AE4 /* MaskFeature.swift */,
				AAECCBB61DF6656D004B7275 /* ObscureFilters */,
				AAECCBB51DF6655D004B7275 /* MaskFilters */,
			);
			name = Filters;
			sourceTree = "<group>";
		};
		AAECCBB51DF6655D004B7275 /* MaskFilters */ = {
			isa = PBXGroup;
			children = (
				AA5D72981DFE0A5600C31AE4 /* BlendMask.swift */,
				AA5D72991DFE0A5600C31AE4 /* GradientMask.swift */,
				AA5D729A1DFE0A5600C31AE4 /* MaskFilter.swift */,
				AA5D729B1DFE0A5600C31AE4 /* OverComp.swift */,
				AA5D729C1DFE0A5600C31AE4 /* RadialGradient.swift */,
				AA5D729D1DFE0A5600C31AE4 /* RectGradient.swift */,
			);
			name = MaskFilters;
			sourceTree = "<group>";
		};
		AAECCBB61DF6656D004B7275 /* ObscureFilters */ = {
			isa = PBXGroup;
			children = (
				AA5D72921DFE0A4100C31AE4 /* Crystalizer.swift */,
				AA5D72931DFE0A4100C31AE4 /* ObscureFilter.swift */,
				AA5D72941DFE0A4100C31AE4 /* Pixelator.swift */,
			);
			name = ObscureFilters;
			sourceTree = "<group>";
		};
		AAECCBCC1DF86E86004B7275 /* Framers */ = {
			isa = PBXGroup;
			children = (
				AA5D72881DFE08D900C31AE4 /* BaseFramer.swift */,
				AA5D72891DFE08D900C31AE4 /* FaceFramer.swift */,
				AA5D728A1DFE08D900C31AE4 /* TextFramer.swift */,
			);
			name = Framers;
			sourceTree = "<group>";
		};
		AAECCBD71DF968B8004B7275 /* Detectors */ = {
			isa = PBXGroup;
			children = (
				AA5D72821DFE088D00C31AE4 /* BaseDetector.swift */,
				AA5D72831DFE088D00C31AE4 /* FaceDetector.swift */,
				AA5D72841DFE088D00C31AE4 /* TextDetector.swift */,
			);
			name = Detectors;
			sourceTree = "<group>";
		};
		AAECCBD81DF9693C004B7275 /* Obfuscators */ = {
			isa = PBXGroup;
			children = (
				AA5D727C1DFE083C00C31AE4 /* BaseObscure.swift */,
				AA5D727D1DFE083C00C31AE4 /* FaceObscure.swift */,
				AA5D727E1DFE083C00C31AE4 /* TextObscure.swift */,
			);
			name = Obfuscators;
			sourceTree = "<group>";
		};
/* End PBXGroup section */

/* Begin PBXNativeTarget section */
		AAECCB681DF243AD004B7275 /* Sherlock */ = {
			isa = PBXNativeTarget;
			buildConfigurationList = AAECCB7B1DF243AD004B7275 /* Build configuration list for PBXNativeTarget "Sherlock" */;
			buildPhases = (
				AAECCB651DF243AD004B7275 /* Sources */,
				AAECCB661DF243AD004B7275 /* Frameworks */,
				AAECCB671DF243AD004B7275 /* Resources */,
			);
			buildRules = (
			);
			dependencies = (
			);
			name = Sherlock;
			productName = Sherlock;
			productReference = AAECCB691DF243AD004B7275 /* Sherlock.app */;
			productType = "com.apple.product-type.application";
		};
/* End PBXNativeTarget section */

/* Begin PBXProject section */
		AAECCB611DF243AD004B7275 /* Project object */ = {
			isa = PBXProject;
			attributes = {
				LastSwiftUpdateCheck = 0810;
				LastUpgradeCheck = 0810;
				ORGANIZATIONNAME = "Steve Wight";
				TargetAttributes = {
					AAECCB681DF243AD004B7275 = {
						CreatedOnToolsVersion = 8.1;
						DevelopmentTeam = 47V5P5JJNR;
						ProvisioningStyle = Automatic;
					};
				};
			};
			buildConfigurationList = AAECCB641DF243AD004B7275 /* Build configuration list for PBXProject "Sherlock" */;
			compatibilityVersion = "Xcode 3.2";
			developmentRegion = English;
			hasScannedForEncodings = 0;
			knownRegions = (
				en,
				Base,
			);
			mainGroup = AAECCB601DF243AD004B7275;
			productRefGroup = AAECCB6A1DF243AD004B7275 /* Products */;
			projectDirPath = "";
			projectRoot = "";
			targets = (
				AAECCB681DF243AD004B7275 /* Sherlock */,
			);
		};
/* End PBXProject section */

/* Begin PBXResourcesBuildPhase section */
		AAECCB671DF243AD004B7275 /* Resources */ = {
			isa = PBXResourcesBuildPhase;
			buildActionMask = 2147483647;
			files = (
				AA5D72B51DFE0B0E00C31AE4 /* image_6.jpg in Resources */,
				AAECCB771DF243AD004B7275 /* LaunchScreen.storyboard in Resources */,
				AA5D72AF1DFE0B0E00C31AE4 /* group_stock_2.jpg in Resources */,
				AA5D72B61DFE0B0E00C31AE4 /* text_image_1.jpg in Resources */,
				AA5D72B41DFE0B0E00C31AE4 /* image_4.jpg in Resources */,
				AA5D72B21DFE0B0E00C31AE4 /* image_2.jpg in Resources */,
				AAECCB741DF243AD004B7275 /* Assets.xcassets in Resources */,
				AA5D72B71DFE0B0E00C31AE4 /* text_image_2.jpg in Resources */,
				AA5D72B01DFE0B0E00C31AE4 /* group_stock.jpg in Resources */,
				AAECCB721DF243AD004B7275 /* Main.storyboard in Resources */,
				AA5D72B11DFE0B0E00C31AE4 /* image_1.jpg in Resources */,
				AA5D72B31DFE0B0E00C31AE4 /* image_3.jpg in Resources */,
			);
			runOnlyForDeploymentPostprocessing = 0;
		};
/* End PBXResourcesBuildPhase section */

/* Begin PBXSourcesBuildPhase section */
		AAECCB651DF243AD004B7275 /* Sources */ = {
			isa = PBXSourcesBuildPhase;
			buildActionMask = 2147483647;
			files = (
				AA5D728C1DFE08D900C31AE4 /* FaceFramer.swift in Sources */,
				AA5D72911DFE0A2C00C31AE4 /* MaskFeature.swift in Sources */,
				AA5D72A11DFE0A5600C31AE4 /* OverComp.swift in Sources */,
				AA5D728B1DFE08D900C31AE4 /* BaseFramer.swift in Sources */,
				AAECCBDE1DFA0874004B7275 /* RadialView.swift in Sources */,
				AA5D72A01DFE0A5600C31AE4 /* MaskFilter.swift in Sources */,
				AA5D72801DFE083C00C31AE4 /* FaceObscure.swift in Sources */,
				AA5D729E1DFE0A5600C31AE4 /* BlendMask.swift in Sources */,
				AA5D72851DFE088D00C31AE4 /* BaseDetector.swift in Sources */,
				AA5D72811DFE083C00C31AE4 /* TextObscure.swift in Sources */,
				AA5D72961DFE0A4100C31AE4 /* ObscureFilter.swift in Sources */,
				AA5D727B1DFD184800C31AE4 /* SpinAnimation.swift in Sources */,
				AAECCB6D1DF243AD004B7275 /* AppDelegate.swift in Sources */,
				AA5D727F1DFE083C00C31AE4 /* BaseObscure.swift in Sources */,
				AA5D72951DFE0A4100C31AE4 /* Crystalizer.swift in Sources */,
				AAECCBE01DFA1A2D004B7275 /* BaseFrameView.swift in Sources */,
				AA5D72A21DFE0A5600C31AE4 /* RadialGradient.swift in Sources */,
				AAECCBBA1DF77B9C004B7275 /* BoxView.swift in Sources */,
				AA5D72A51DFE0AF800C31AE4 /* ViewController.swift in Sources */,
				AA5D72871DFE088D00C31AE4 /* TextDetector.swift in Sources */,
				AA5D728D1DFE08D900C31AE4 /* TextFramer.swift in Sources */,
				AA5D72971DFE0A4100C31AE4 /* Pixelator.swift in Sources */,
				AA5D72781DFD0DA900C31AE4 /* TriRadialView.swift in Sources */,
				AA5D72761DFCA15400C31AE4 /* CoordConverter.swift in Sources */,
				AA5D72901DFE0A2C00C31AE4 /* Masker.swift in Sources */,
				AA5D72A31DFE0A5600C31AE4 /* RectGradient.swift in Sources */,
				AA5D72861DFE088D00C31AE4 /* FaceDetector.swift in Sources */,
				AA5D729F1DFE0A5600C31AE4 /* GradientMask.swift in Sources */,
			);
			runOnlyForDeploymentPostprocessing = 0;
		};
/* End PBXSourcesBuildPhase section */

/* Begin PBXVariantGroup section */
		AAECCB701DF243AD004B7275 /* Main.storyboard */ = {
			isa = PBXVariantGroup;
			children = (
				AAECCB711DF243AD004B7275 /* Base */,
			);
			name = Main.storyboard;
			sourceTree = "<group>";
		};
		AAECCB751DF243AD004B7275 /* LaunchScreen.storyboard */ = {
			isa = PBXVariantGroup;
			children = (
				AAECCB761DF243AD004B7275 /* Base */,
			);
			name = LaunchScreen.storyboard;
			sourceTree = "<group>";
		};
/* End PBXVariantGroup section */

/* Begin XCBuildConfiguration section */
		AAECCB791DF243AD004B7275 /* Debug */ = {
			isa = XCBuildConfiguration;
			buildSettings = {
				ALWAYS_SEARCH_USER_PATHS = NO;
				CLANG_ANALYZER_NONNULL = YES;
				CLANG_CXX_LANGUAGE_STANDARD = "gnu++0x";
				CLANG_CXX_LIBRARY = "libc++";
				CLANG_ENABLE_MODULES = YES;
				CLANG_ENABLE_OBJC_ARC = YES;
				CLANG_WARN_BOOL_CONVERSION = YES;
				CLANG_WARN_CONSTANT_CONVERSION = YES;
				CLANG_WARN_DIRECT_OBJC_ISA_USAGE = YES_ERROR;
				CLANG_WARN_DOCUMENTATION_COMMENTS = YES;
				CLANG_WARN_EMPTY_BODY = YES;
				CLANG_WARN_ENUM_CONVERSION = YES;
				CLANG_WARN_INFINITE_RECURSION = YES;
				CLANG_WARN_INT_CONVERSION = YES;
				CLANG_WARN_OBJC_ROOT_CLASS = YES_ERROR;
				CLANG_WARN_SUSPICIOUS_MOVES = YES;
				CLANG_WARN_UNREACHABLE_CODE = YES;
				CLANG_WARN__DUPLICATE_METHOD_MATCH = YES;
				"CODE_SIGN_IDENTITY[sdk=iphoneos*]" = "iPhone Developer";
				COPY_PHASE_STRIP = NO;
				DEBUG_INFORMATION_FORMAT = dwarf;
				ENABLE_STRICT_OBJC_MSGSEND = YES;
				ENABLE_TESTABILITY = YES;
				GCC_C_LANGUAGE_STANDARD = gnu99;
				GCC_DYNAMIC_NO_PIC = NO;
				GCC_NO_COMMON_BLOCKS = YES;
				GCC_OPTIMIZATION_LEVEL = 0;
				GCC_PREPROCESSOR_DEFINITIONS = (
					"DEBUG=1",
					"$(inherited)",
				);
				GCC_WARN_64_TO_32_BIT_CONVERSION = YES;
				GCC_WARN_ABOUT_RETURN_TYPE = YES_ERROR;
				GCC_WARN_UNDECLARED_SELECTOR = YES;
				GCC_WARN_UNINITIALIZED_AUTOS = YES_AGGRESSIVE;
				GCC_WARN_UNUSED_FUNCTION = YES;
				GCC_WARN_UNUSED_VARIABLE = YES;
				IPHONEOS_DEPLOYMENT_TARGET = 10.1;
				MTL_ENABLE_DEBUG_INFO = YES;
				ONLY_ACTIVE_ARCH = YES;
				SDKROOT = iphoneos;
				SWIFT_ACTIVE_COMPILATION_CONDITIONS = DEBUG;
				SWIFT_OPTIMIZATION_LEVEL = "-Onone";
			};
			name = Debug;
		};
		AAECCB7A1DF243AD004B7275 /* Release */ = {
			isa = XCBuildConfiguration;
			buildSettings = {
				ALWAYS_SEARCH_USER_PATHS = NO;
				CLANG_ANALYZER_NONNULL = YES;
				CLANG_CXX_LANGUAGE_STANDARD = "gnu++0x";
				CLANG_CXX_LIBRARY = "libc++";
				CLANG_ENABLE_MODULES = YES;
				CLANG_ENABLE_OBJC_ARC = YES;
				CLANG_WARN_BOOL_CONVERSION = YES;
				CLANG_WARN_CONSTANT_CONVERSION = YES;
				CLANG_WARN_DIRECT_OBJC_ISA_USAGE = YES_ERROR;
				CLANG_WARN_DOCUMENTATION_COMMENTS = YES;
				CLANG_WARN_EMPTY_BODY = YES;
				CLANG_WARN_ENUM_CONVERSION = YES;
				CLANG_WARN_INFINITE_RECURSION = YES;
				CLANG_WARN_INT_CONVERSION = YES;
				CLANG_WARN_OBJC_ROOT_CLASS = YES_ERROR;
				CLANG_WARN_SUSPICIOUS_MOVES = YES;
				CLANG_WARN_UNREACHABLE_CODE = YES;
				CLANG_WARN__DUPLICATE_METHOD_MATCH = YES;
				"CODE_SIGN_IDENTITY[sdk=iphoneos*]" = "iPhone Developer";
				COPY_PHASE_STRIP = NO;
				DEBUG_INFORMATION_FORMAT = "dwarf-with-dsym";
				ENABLE_NS_ASSERTIONS = NO;
				ENABLE_STRICT_OBJC_MSGSEND = YES;
				GCC_C_LANGUAGE_STANDARD = gnu99;
				GCC_NO_COMMON_BLOCKS = YES;
				GCC_WARN_64_TO_32_BIT_CONVERSION = YES;
				GCC_WARN_ABOUT_RETURN_TYPE = YES_ERROR;
				GCC_WARN_UNDECLARED_SELECTOR = YES;
				GCC_WARN_UNINITIALIZED_AUTOS = YES_AGGRESSIVE;
				GCC_WARN_UNUSED_FUNCTION = YES;
				GCC_WARN_UNUSED_VARIABLE = YES;
				IPHONEOS_DEPLOYMENT_TARGET = 10.1;
				MTL_ENABLE_DEBUG_INFO = NO;
				SDKROOT = iphoneos;
				SWIFT_OPTIMIZATION_LEVEL = "-Owholemodule";
				VALIDATE_PRODUCT = YES;
			};
			name = Release;
		};
		AAECCB7C1DF243AD004B7275 /* Debug */ = {
			isa = XCBuildConfiguration;
			buildSettings = {
				ASSETCATALOG_COMPILER_APPICON_NAME = AppIcon;
				DEVELOPMENT_TEAM = 47V5P5JJNR;
				INFOPLIST_FILE = Sherlock/Info.plist;
				LD_RUNPATH_SEARCH_PATHS = "$(inherited) @executable_path/Frameworks";
				PRODUCT_BUNDLE_IDENTIFIER = sw.Sherlock;
				PRODUCT_NAME = "$(TARGET_NAME)";
				SWIFT_VERSION = 3.0;
			};
			name = Debug;
		};
		AAECCB7D1DF243AD004B7275 /* Release */ = {
			isa = XCBuildConfiguration;
			buildSettings = {
				ASSETCATALOG_COMPILER_APPICON_NAME = AppIcon;
				DEVELOPMENT_TEAM = 47V5P5JJNR;
				INFOPLIST_FILE = Sherlock/Info.plist;
				LD_RUNPATH_SEARCH_PATHS = "$(inherited) @executable_path/Frameworks";
				PRODUCT_BUNDLE_IDENTIFIER = sw.Sherlock;
				PRODUCT_NAME = "$(TARGET_NAME)";
				SWIFT_VERSION = 3.0;
			};
			name = Release;
		};
/* End XCBuildConfiguration section */

/* Begin XCConfigurationList section */
		AAECCB641DF243AD004B7275 /* Build configuration list for PBXProject "Sherlock" */ = {
			isa = XCConfigurationList;
			buildConfigurations = (
				AAECCB791DF243AD004B7275 /* Debug */,
				AAECCB7A1DF243AD004B7275 /* Release */,
			);
			defaultConfigurationIsVisible = 0;
			defaultConfigurationName = Release;
		};
		AAECCB7B1DF243AD004B7275 /* Build configuration list for PBXNativeTarget "Sherlock" */ = {
			isa = XCConfigurationList;
			buildConfigurations = (
				AAECCB7C1DF243AD004B7275 /* Debug */,
				AAECCB7D1DF243AD004B7275 /* Release */,
			);
			defaultConfigurationIsVisible = 0;
			defaultConfigurationName = Release;
		};
/* End XCConfigurationList section */
	};
	rootObject = AAECCB611DF243AD004B7275 /* Project object */;
}
