// !$*UTF8*$!
{
	archiveVersion = 1;
	classes = {
	};
	objectVersion = 46;
	objects = {

/* Begin PBXBuildFile section */
		AA5D72691DFA782700C31AE4 /* RectGradient.swift in Sources */ = {isa = PBXBuildFile; fileRef = AA5D72681DFA782700C31AE4 /* RectGradient.swift */; };
		AA5D726B1DFA7FB900C31AE4 /* TextObscure.swift in Sources */ = {isa = PBXBuildFile; fileRef = AA5D726A1DFA7FB900C31AE4 /* TextObscure.swift */; };
		AA5D726D1DFA823A00C31AE4 /* text_image_1.jpg in Resources */ = {isa = PBXBuildFile; fileRef = AA5D726C1DFA823A00C31AE4 /* text_image_1.jpg */; };
		AAECCB6D1DF243AD004B7275 /* AppDelegate.swift in Sources */ = {isa = PBXBuildFile; fileRef = AAECCB6C1DF243AD004B7275 /* AppDelegate.swift */; };
		AAECCB6F1DF243AD004B7275 /* ViewController.swift in Sources */ = {isa = PBXBuildFile; fileRef = AAECCB6E1DF243AD004B7275 /* ViewController.swift */; };
		AAECCB721DF243AD004B7275 /* Main.storyboard in Resources */ = {isa = PBXBuildFile; fileRef = AAECCB701DF243AD004B7275 /* Main.storyboard */; };
		AAECCB741DF243AD004B7275 /* Assets.xcassets in Resources */ = {isa = PBXBuildFile; fileRef = AAECCB731DF243AD004B7275 /* Assets.xcassets */; };
		AAECCB771DF243AD004B7275 /* LaunchScreen.storyboard in Resources */ = {isa = PBXBuildFile; fileRef = AAECCB751DF243AD004B7275 /* LaunchScreen.storyboard */; };
		AAECCB7F1DF24961004B7275 /* image_1.jpg in Resources */ = {isa = PBXBuildFile; fileRef = AAECCB7E1DF24961004B7275 /* image_1.jpg */; };
		AAECCB8A1DF35482004B7275 /* group_stock.jpg in Resources */ = {isa = PBXBuildFile; fileRef = AAECCB891DF35482004B7275 /* group_stock.jpg */; };
		AAECCB8C1DF3564B004B7275 /* group_stock_2.jpg in Resources */ = {isa = PBXBuildFile; fileRef = AAECCB8B1DF3564B004B7275 /* group_stock_2.jpg */; };
		AAECCB8E1DF35B32004B7275 /* FaceObscure.swift in Sources */ = {isa = PBXBuildFile; fileRef = AAECCB8D1DF35B32004B7275 /* FaceObscure.swift */; };
		AAECCB901DF36A40004B7275 /* image_2.jpg in Resources */ = {isa = PBXBuildFile; fileRef = AAECCB8F1DF36A40004B7275 /* image_2.jpg */; };
		AAECCB921DF3E79E004B7275 /* image_3.jpg in Resources */ = {isa = PBXBuildFile; fileRef = AAECCB911DF3E79E004B7275 /* image_3.jpg */; };
		AAECCB941DF3E7B8004B7275 /* image_4.jpg in Resources */ = {isa = PBXBuildFile; fileRef = AAECCB931DF3E7B8004B7275 /* image_4.jpg */; };
		AAECCB961DF4AD0D004B7275 /* FaceDetector.swift in Sources */ = {isa = PBXBuildFile; fileRef = AAECCB951DF4AD0D004B7275 /* FaceDetector.swift */; };
		AAECCB981DF4B1E6004B7275 /* Pixelator.swift in Sources */ = {isa = PBXBuildFile; fileRef = AAECCB971DF4B1E6004B7275 /* Pixelator.swift */; };
		AAECCB9A1DF4C660004B7275 /* FeatureMask.swift in Sources */ = {isa = PBXBuildFile; fileRef = AAECCB991DF4C660004B7275 /* FeatureMask.swift */; };
		AAECCB9C1DF4D02A004B7275 /* Crystalizer.swift in Sources */ = {isa = PBXBuildFile; fileRef = AAECCB9B1DF4D02A004B7275 /* Crystalizer.swift */; };
		AAECCB9E1DF4D11C004B7275 /* ObscureFilter.swift in Sources */ = {isa = PBXBuildFile; fileRef = AAECCB9D1DF4D11C004B7275 /* ObscureFilter.swift */; };
		AAECCBAD1DF654A7004B7275 /* RadialGradient.swift in Sources */ = {isa = PBXBuildFile; fileRef = AAECCBAC1DF654A7004B7275 /* RadialGradient.swift */; };
		AAECCBAF1DF65975004B7275 /* OverComp.swift in Sources */ = {isa = PBXBuildFile; fileRef = AAECCBAE1DF65975004B7275 /* OverComp.swift */; };
		AAECCBB11DF659FC004B7275 /* BlendMask.swift in Sources */ = {isa = PBXBuildFile; fileRef = AAECCBB01DF659FC004B7275 /* BlendMask.swift */; };
		AAECCBB31DF65A53004B7275 /* MaskFilter.swift in Sources */ = {isa = PBXBuildFile; fileRef = AAECCBB21DF65A53004B7275 /* MaskFilter.swift */; };
		AAECCBB81DF77697004B7275 /* FaceFramer.swift in Sources */ = {isa = PBXBuildFile; fileRef = AAECCBB71DF77697004B7275 /* FaceFramer.swift */; };
		AAECCBBA1DF77B9C004B7275 /* BoxView.swift in Sources */ = {isa = PBXBuildFile; fileRef = AAECCBB91DF77B9C004B7275 /* BoxView.swift */; };
		AAECCBC31DF799AB004B7275 /* TextDetector.swift in Sources */ = {isa = PBXBuildFile; fileRef = AAECCBC21DF799AB004B7275 /* TextDetector.swift */; };
		AAECCBC51DF79A0D004B7275 /* BaseFramer.swift in Sources */ = {isa = PBXBuildFile; fileRef = AAECCBC41DF79A0D004B7275 /* BaseFramer.swift */; };
		AAECCBC71DF79C44004B7275 /* TextFramer.swift in Sources */ = {isa = PBXBuildFile; fileRef = AAECCBC61DF79C44004B7275 /* TextFramer.swift */; };
		AAECCBCB1DF79DE7004B7275 /* image_6.jpg in Resources */ = {isa = PBXBuildFile; fileRef = AAECCBCA1DF79DE7004B7275 /* image_6.jpg */; };
		AAECCBDA1DF969E8004B7275 /* BaseObscure.swift in Sources */ = {isa = PBXBuildFile; fileRef = AAECCBD91DF969E8004B7275 /* BaseObscure.swift */; };
		AAECCBDC1DF96B3D004B7275 /* BaseDetector.swift in Sources */ = {isa = PBXBuildFile; fileRef = AAECCBDB1DF96B3D004B7275 /* BaseDetector.swift */; };
		AAECCBDE1DFA0874004B7275 /* RadialView.swift in Sources */ = {isa = PBXBuildFile; fileRef = AAECCBDD1DFA0874004B7275 /* RadialView.swift */; };
		AAECCBE01DFA1A2D004B7275 /* BaseFrameView.swift in Sources */ = {isa = PBXBuildFile; fileRef = AAECCBDF1DFA1A2D004B7275 /* BaseFrameView.swift */; };
/* End PBXBuildFile section */

/* Begin PBXFileReference section */
		AA5D72681DFA782700C31AE4 /* RectGradient.swift */ = {isa = PBXFileReference; fileEncoding = 4; lastKnownFileType = sourcecode.swift; name = RectGradient.swift; path = Models/RectGradient.swift; sourceTree = "<group>"; };
		AA5D726A1DFA7FB900C31AE4 /* TextObscure.swift */ = {isa = PBXFileReference; fileEncoding = 4; lastKnownFileType = sourcecode.swift; name = TextObscure.swift; path = Models/TextObscure.swift; sourceTree = "<group>"; };
		AA5D726C1DFA823A00C31AE4 /* text_image_1.jpg */ = {isa = PBXFileReference; lastKnownFileType = image.jpeg; path = text_image_1.jpg; sourceTree = "<group>"; };
		AAECCB691DF243AD004B7275 /* Sherlock.app */ = {isa = PBXFileReference; explicitFileType = wrapper.application; includeInIndex = 0; path = Sherlock.app; sourceTree = BUILT_PRODUCTS_DIR; };
		AAECCB6C1DF243AD004B7275 /* AppDelegate.swift */ = {isa = PBXFileReference; lastKnownFileType = sourcecode.swift; path = AppDelegate.swift; sourceTree = "<group>"; };
		AAECCB6E1DF243AD004B7275 /* ViewController.swift */ = {isa = PBXFileReference; lastKnownFileType = sourcecode.swift; path = ViewController.swift; sourceTree = "<group>"; };
		AAECCB711DF243AD004B7275 /* Base */ = {isa = PBXFileReference; lastKnownFileType = file.storyboard; name = Base; path = Base.lproj/Main.storyboard; sourceTree = "<group>"; };
		AAECCB731DF243AD004B7275 /* Assets.xcassets */ = {isa = PBXFileReference; lastKnownFileType = folder.assetcatalog; path = Assets.xcassets; sourceTree = "<group>"; };
		AAECCB761DF243AD004B7275 /* Base */ = {isa = PBXFileReference; lastKnownFileType = file.storyboard; name = Base; path = Base.lproj/LaunchScreen.storyboard; sourceTree = "<group>"; };
		AAECCB781DF243AD004B7275 /* Info.plist */ = {isa = PBXFileReference; lastKnownFileType = text.plist.xml; path = Info.plist; sourceTree = "<group>"; };
		AAECCB7E1DF24961004B7275 /* image_1.jpg */ = {isa = PBXFileReference; lastKnownFileType = image.jpeg; path = image_1.jpg; sourceTree = "<group>"; };
		AAECCB891DF35482004B7275 /* group_stock.jpg */ = {isa = PBXFileReference; lastKnownFileType = image.jpeg; path = group_stock.jpg; sourceTree = "<group>"; };
		AAECCB8B1DF3564B004B7275 /* group_stock_2.jpg */ = {isa = PBXFileReference; lastKnownFileType = image.jpeg; path = group_stock_2.jpg; sourceTree = "<group>"; };
		AAECCB8D1DF35B32004B7275 /* FaceObscure.swift */ = {isa = PBXFileReference; fileEncoding = 4; lastKnownFileType = sourcecode.swift; name = FaceObscure.swift; path = Models/FaceObscure.swift; sourceTree = "<group>"; };
		AAECCB8F1DF36A40004B7275 /* image_2.jpg */ = {isa = PBXFileReference; lastKnownFileType = image.jpeg; path = image_2.jpg; sourceTree = "<group>"; };
		AAECCB911DF3E79E004B7275 /* image_3.jpg */ = {isa = PBXFileReference; lastKnownFileType = image.jpeg; path = image_3.jpg; sourceTree = "<group>"; };
		AAECCB931DF3E7B8004B7275 /* image_4.jpg */ = {isa = PBXFileReference; lastKnownFileType = image.jpeg; path = image_4.jpg; sourceTree = "<group>"; };
		AAECCB951DF4AD0D004B7275 /* FaceDetector.swift */ = {isa = PBXFileReference; fileEncoding = 4; lastKnownFileType = sourcecode.swift; name = FaceDetector.swift; path = Models/FaceDetector.swift; sourceTree = "<group>"; };
		AAECCB971DF4B1E6004B7275 /* Pixelator.swift */ = {isa = PBXFileReference; fileEncoding = 4; lastKnownFileType = sourcecode.swift; name = Pixelator.swift; path = Models/Pixelator.swift; sourceTree = "<group>"; };
		AAECCB991DF4C660004B7275 /* FeatureMask.swift */ = {isa = PBXFileReference; fileEncoding = 4; lastKnownFileType = sourcecode.swift; name = FeatureMask.swift; path = Models/FeatureMask.swift; sourceTree = "<group>"; };
		AAECCB9B1DF4D02A004B7275 /* Crystalizer.swift */ = {isa = PBXFileReference; fileEncoding = 4; lastKnownFileType = sourcecode.swift; name = Crystalizer.swift; path = Models/Crystalizer.swift; sourceTree = "<group>"; };
		AAECCB9D1DF4D11C004B7275 /* ObscureFilter.swift */ = {isa = PBXFileReference; fileEncoding = 4; lastKnownFileType = sourcecode.swift; name = ObscureFilter.swift; path = Models/ObscureFilter.swift; sourceTree = "<group>"; };
		AAECCBAC1DF654A7004B7275 /* RadialGradient.swift */ = {isa = PBXFileReference; fileEncoding = 4; lastKnownFileType = sourcecode.swift; name = RadialGradient.swift; path = Models/RadialGradient.swift; sourceTree = "<group>"; };
		AAECCBAE1DF65975004B7275 /* OverComp.swift */ = {isa = PBXFileReference; fileEncoding = 4; lastKnownFileType = sourcecode.swift; name = OverComp.swift; path = Models/OverComp.swift; sourceTree = "<group>"; };
		AAECCBB01DF659FC004B7275 /* BlendMask.swift */ = {isa = PBXFileReference; fileEncoding = 4; lastKnownFileType = sourcecode.swift; name = BlendMask.swift; path = Models/BlendMask.swift; sourceTree = "<group>"; };
		AAECCBB21DF65A53004B7275 /* MaskFilter.swift */ = {isa = PBXFileReference; fileEncoding = 4; lastKnownFileType = sourcecode.swift; name = MaskFilter.swift; path = Models/MaskFilter.swift; sourceTree = "<group>"; };
		AAECCBB71DF77697004B7275 /* FaceFramer.swift */ = {isa = PBXFileReference; fileEncoding = 4; lastKnownFileType = sourcecode.swift; name = FaceFramer.swift; path = Models/FaceFramer.swift; sourceTree = "<group>"; };
		AAECCBB91DF77B9C004B7275 /* BoxView.swift */ = {isa = PBXFileReference; fileEncoding = 4; lastKnownFileType = sourcecode.swift; name = BoxView.swift; path = Views/BoxView.swift; sourceTree = "<group>"; };
		AAECCBC21DF799AB004B7275 /* TextDetector.swift */ = {isa = PBXFileReference; fileEncoding = 4; lastKnownFileType = sourcecode.swift; name = TextDetector.swift; path = Models/TextDetector.swift; sourceTree = "<group>"; };
		AAECCBC41DF79A0D004B7275 /* BaseFramer.swift */ = {isa = PBXFileReference; fileEncoding = 4; lastKnownFileType = sourcecode.swift; name = BaseFramer.swift; path = Models/BaseFramer.swift; sourceTree = "<group>"; };
		AAECCBC61DF79C44004B7275 /* TextFramer.swift */ = {isa = PBXFileReference; fileEncoding = 4; lastKnownFileType = sourcecode.swift; name = TextFramer.swift; path = Models/TextFramer.swift; sourceTree = "<group>"; };
		AAECCBCA1DF79DE7004B7275 /* image_6.jpg */ = {isa = PBXFileReference; lastKnownFileType = image.jpeg; path = image_6.jpg; sourceTree = "<group>"; };
		AAECCBD91DF969E8004B7275 /* BaseObscure.swift */ = {isa = PBXFileReference; fileEncoding = 4; lastKnownFileType = sourcecode.swift; name = BaseObscure.swift; path = Models/BaseObscure.swift; sourceTree = "<group>"; };
		AAECCBDB1DF96B3D004B7275 /* BaseDetector.swift */ = {isa = PBXFileReference; fileEncoding = 4; lastKnownFileType = sourcecode.swift; name = BaseDetector.swift; path = Models/BaseDetector.swift; sourceTree = "<group>"; };
		AAECCBDD1DFA0874004B7275 /* RadialView.swift */ = {isa = PBXFileReference; fileEncoding = 4; lastKnownFileType = sourcecode.swift; name = RadialView.swift; path = Views/RadialView.swift; sourceTree = "<group>"; };
		AAECCBDF1DFA1A2D004B7275 /* BaseFrameView.swift */ = {isa = PBXFileReference; fileEncoding = 4; lastKnownFileType = sourcecode.swift; name = BaseFrameView.swift; path = Views/BaseFrameView.swift; sourceTree = "<group>"; };
/* End PBXFileReference section */

/* Begin PBXFrameworksBuildPhase section */
		AAECCB661DF243AD004B7275 /* Frameworks */ = {
			isa = PBXFrameworksBuildPhase;
			buildActionMask = 2147483647;
			files = (
			);
			runOnlyForDeploymentPostprocessing = 0;
		};
/* End PBXFrameworksBuildPhase section */

/* Begin PBXGroup section */
		AAECCB601DF243AD004B7275 = {
			isa = PBXGroup;
			children = (
				AAECCB6B1DF243AD004B7275 /* Sherlock */,
				AAECCB6A1DF243AD004B7275 /* Products */,
			);
			sourceTree = "<group>";
		};
		AAECCB6A1DF243AD004B7275 /* Products */ = {
			isa = PBXGroup;
			children = (
				AAECCB691DF243AD004B7275 /* Sherlock.app */,
			);
			name = Products;
			sourceTree = "<group>";
		};
		AAECCB6B1DF243AD004B7275 /* Sherlock */ = {
			isa = PBXGroup;
			children = (
				AAECCB821DF2AB80004B7275 /* Controllers */,
				AAECCB811DF2AB7A004B7275 /* Views */,
				AAECCB801DF2AB73004B7275 /* Models */,
				AAECCB6C1DF243AD004B7275 /* AppDelegate.swift */,
				AAECCB701DF243AD004B7275 /* Main.storyboard */,
				AAECCB731DF243AD004B7275 /* Assets.xcassets */,
				AAECCBAB1DF642DF004B7275 /* images */,
				AAECCB751DF243AD004B7275 /* LaunchScreen.storyboard */,
				AAECCB781DF243AD004B7275 /* Info.plist */,
			);
			path = Sherlock;
			sourceTree = "<group>";
		};
		AAECCB801DF2AB73004B7275 /* Models */ = {
			isa = PBXGroup;
			children = (
				AAECCBD81DF9693C004B7275 /* Obfuscators */,
				AAECCBD71DF968B8004B7275 /* Detectors */,
				AAECCBCC1DF86E86004B7275 /* Framers */,
				AAECCBB41DF6616B004B7275 /* Filters */,
			);
			name = Models;
			sourceTree = "<group>";
		};
		AAECCB811DF2AB7A004B7275 /* Views */ = {
			isa = PBXGroup;
			children = (
				AAECCBB91DF77B9C004B7275 /* BoxView.swift */,
				AAECCBDD1DFA0874004B7275 /* RadialView.swift */,
				AAECCBDF1DFA1A2D004B7275 /* BaseFrameView.swift */,
			);
			name = Views;
			sourceTree = "<group>";
		};
		AAECCB821DF2AB80004B7275 /* Controllers */ = {
			isa = PBXGroup;
			children = (
				AAECCB6E1DF243AD004B7275 /* ViewController.swift */,
			);
			name = Controllers;
			sourceTree = "<group>";
		};
		AAECCBAB1DF642DF004B7275 /* images */ = {
			isa = PBXGroup;
			children = (
				AAECCB7E1DF24961004B7275 /* image_1.jpg */,
				AAECCB8F1DF36A40004B7275 /* image_2.jpg */,
				AAECCB911DF3E79E004B7275 /* image_3.jpg */,
				AAECCB931DF3E7B8004B7275 /* image_4.jpg */,
				AAECCBCA1DF79DE7004B7275 /* image_6.jpg */,
				AA5D726C1DFA823A00C31AE4 /* text_image_1.jpg */,
				AAECCB891DF35482004B7275 /* group_stock.jpg */,
				AAECCB8B1DF3564B004B7275 /* group_stock_2.jpg */,
			);
			name = images;
			sourceTree = "<group>";
		};
		AAECCBB41DF6616B004B7275 /* Filters */ = {
			isa = PBXGroup;
			children = (
				AAECCB991DF4C660004B7275 /* FeatureMask.swift */,
				AAECCBB61DF6656D004B7275 /* ObscureFilters */,
				AAECCBB51DF6655D004B7275 /* MaskFilters */,
			);
			name = Filters;
			sourceTree = "<group>";
		};
		AAECCBB51DF6655D004B7275 /* MaskFilters */ = {
			isa = PBXGroup;
			children = (
				AAECCBAC1DF654A7004B7275 /* RadialGradient.swift */,
				AAECCBAE1DF65975004B7275 /* OverComp.swift */,
				AAECCBB01DF659FC004B7275 /* BlendMask.swift */,
				AAECCBB21DF65A53004B7275 /* MaskFilter.swift */,
				AA5D72681DFA782700C31AE4 /* RectGradient.swift */,
			);
			name = MaskFilters;
			sourceTree = "<group>";
		};
		AAECCBB61DF6656D004B7275 /* ObscureFilters */ = {
			isa = PBXGroup;
			children = (
				AAECCB971DF4B1E6004B7275 /* Pixelator.swift */,
				AAECCB9B1DF4D02A004B7275 /* Crystalizer.swift */,
				AAECCB9D1DF4D11C004B7275 /* ObscureFilter.swift */,
			);
			name = ObscureFilters;
			sourceTree = "<group>";
		};
		AAECCBCC1DF86E86004B7275 /* Framers */ = {
			isa = PBXGroup;
			children = (
				AAECCBB71DF77697004B7275 /* FaceFramer.swift */,
				AAECCBC61DF79C44004B7275 /* TextFramer.swift */,
				AAECCBC41DF79A0D004B7275 /* BaseFramer.swift */,
			);
			name = Framers;
			sourceTree = "<group>";
		};
		AAECCBD71DF968B8004B7275 /* Detectors */ = {
			isa = PBXGroup;
			children = (
				AAECCB951DF4AD0D004B7275 /* FaceDetector.swift */,
				AAECCBC21DF799AB004B7275 /* TextDetector.swift */,
				AAECCBDB1DF96B3D004B7275 /* BaseDetector.swift */,
			);
			name = Detectors;
			sourceTree = "<group>";
		};
		AAECCBD81DF9693C004B7275 /* Obfuscators */ = {
			isa = PBXGroup;
			children = (
				AAECCB8D1DF35B32004B7275 /* FaceObscure.swift */,
				AAECCBD91DF969E8004B7275 /* BaseObscure.swift */,
				AA5D726A1DFA7FB900C31AE4 /* TextObscure.swift */,
			);
			name = Obfuscators;
			sourceTree = "<group>";
		};
/* End PBXGroup section */

/* Begin PBXNativeTarget section */
		AAECCB681DF243AD004B7275 /* Sherlock */ = {
			isa = PBXNativeTarget;
			buildConfigurationList = AAECCB7B1DF243AD004B7275 /* Build configuration list for PBXNativeTarget "Sherlock" */;
			buildPhases = (
				AAECCB651DF243AD004B7275 /* Sources */,
				AAECCB661DF243AD004B7275 /* Frameworks */,
				AAECCB671DF243AD004B7275 /* Resources */,
			);
			buildRules = (
			);
			dependencies = (
			);
			name = Sherlock;
			productName = Sherlock;
			productReference = AAECCB691DF243AD004B7275 /* Sherlock.app */;
			productType = "com.apple.product-type.application";
		};
/* End PBXNativeTarget section */

/* Begin PBXProject section */
		AAECCB611DF243AD004B7275 /* Project object */ = {
			isa = PBXProject;
			attributes = {
				LastSwiftUpdateCheck = 0810;
				LastUpgradeCheck = 0810;
				ORGANIZATIONNAME = "Steve Wight";
				TargetAttributes = {
					AAECCB681DF243AD004B7275 = {
						CreatedOnToolsVersion = 8.1;
						DevelopmentTeam = 47V5P5JJNR;
						ProvisioningStyle = Automatic;
					};
				};
			};
			buildConfigurationList = AAECCB641DF243AD004B7275 /* Build configuration list for PBXProject "Sherlock" */;
			compatibilityVersion = "Xcode 3.2";
			developmentRegion = English;
			hasScannedForEncodings = 0;
			knownRegions = (
				en,
				Base,
			);
			mainGroup = AAECCB601DF243AD004B7275;
			productRefGroup = AAECCB6A1DF243AD004B7275 /* Products */;
			projectDirPath = "";
			projectRoot = "";
			targets = (
				AAECCB681DF243AD004B7275 /* Sherlock */,
			);
		};
/* End PBXProject section */

/* Begin PBXResourcesBuildPhase section */
		AAECCB671DF243AD004B7275 /* Resources */ = {
			isa = PBXResourcesBuildPhase;
			buildActionMask = 2147483647;
			files = (
				AAECCB771DF243AD004B7275 /* LaunchScreen.storyboard in Resources */,
				AAECCB901DF36A40004B7275 /* image_2.jpg in Resources */,
				AA5D726D1DFA823A00C31AE4 /* text_image_1.jpg in Resources */,
				AAECCBCB1DF79DE7004B7275 /* image_6.jpg in Resources */,
				AAECCB941DF3E7B8004B7275 /* image_4.jpg in Resources */,
				AAECCB921DF3E79E004B7275 /* image_3.jpg in Resources */,
				AAECCB7F1DF24961004B7275 /* image_1.jpg in Resources */,
				AAECCB741DF243AD004B7275 /* Assets.xcassets in Resources */,
				AAECCB8A1DF35482004B7275 /* group_stock.jpg in Resources */,
				AAECCB721DF243AD004B7275 /* Main.storyboard in Resources */,
				AAECCB8C1DF3564B004B7275 /* group_stock_2.jpg in Resources */,
			);
			runOnlyForDeploymentPostprocessing = 0;
		};
/* End PBXResourcesBuildPhase section */

/* Begin PBXSourcesBuildPhase section */
		AAECCB651DF243AD004B7275 /* Sources */ = {
			isa = PBXSourcesBuildPhase;
			buildActionMask = 2147483647;
			files = (
				AAECCB981DF4B1E6004B7275 /* Pixelator.swift in Sources */,
				AAECCB8E1DF35B32004B7275 /* FaceObscure.swift in Sources */,
				AAECCB9A1DF4C660004B7275 /* FeatureMask.swift in Sources */,
				AAECCBDE1DFA0874004B7275 /* RadialView.swift in Sources */,
				AAECCBDC1DF96B3D004B7275 /* BaseDetector.swift in Sources */,
				AAECCBAD1DF654A7004B7275 /* RadialGradient.swift in Sources */,
				AAECCB6F1DF243AD004B7275 /* ViewController.swift in Sources */,
				AAECCB961DF4AD0D004B7275 /* FaceDetector.swift in Sources */,
				AAECCBB81DF77697004B7275 /* FaceFramer.swift in Sources */,
				AA5D726B1DFA7FB900C31AE4 /* TextObscure.swift in Sources */,
				AAECCBC51DF79A0D004B7275 /* BaseFramer.swift in Sources */,
				AAECCBC31DF799AB004B7275 /* TextDetector.swift in Sources */,
				AAECCBB11DF659FC004B7275 /* BlendMask.swift in Sources */,
				AAECCB6D1DF243AD004B7275 /* AppDelegate.swift in Sources */,
				AAECCB9E1DF4D11C004B7275 /* ObscureFilter.swift in Sources */,
				AAECCBDA1DF969E8004B7275 /* BaseObscure.swift in Sources */,
				AA5D72691DFA782700C31AE4 /* RectGradient.swift in Sources */,
				AAECCBB31DF65A53004B7275 /* MaskFilter.swift in Sources */,
				AAECCBE01DFA1A2D004B7275 /* BaseFrameView.swift in Sources */,
				AAECCBBA1DF77B9C004B7275 /* BoxView.swift in Sources */,
				AAECCB9C1DF4D02A004B7275 /* Crystalizer.swift in Sources */,
				AAECCBC71DF79C44004B7275 /* TextFramer.swift in Sources */,
				AAECCBAF1DF65975004B7275 /* OverComp.swift in Sources */,
			);
			runOnlyForDeploymentPostprocessing = 0;
		};
/* End PBXSourcesBuildPhase section */

/* Begin PBXVariantGroup section */
		AAECCB701DF243AD004B7275 /* Main.storyboard */ = {
			isa = PBXVariantGroup;
			children = (
				AAECCB711DF243AD004B7275 /* Base */,
			);
			name = Main.storyboard;
			sourceTree = "<group>";
		};
		AAECCB751DF243AD004B7275 /* LaunchScreen.storyboard */ = {
			isa = PBXVariantGroup;
			children = (
				AAECCB761DF243AD004B7275 /* Base */,
			);
			name = LaunchScreen.storyboard;
			sourceTree = "<group>";
		};
/* End PBXVariantGroup section */

/* Begin XCBuildConfiguration section */
		AAECCB791DF243AD004B7275 /* Debug */ = {
			isa = XCBuildConfiguration;
			buildSettings = {
				ALWAYS_SEARCH_USER_PATHS = NO;
				CLANG_ANALYZER_NONNULL = YES;
				CLANG_CXX_LANGUAGE_STANDARD = "gnu++0x";
				CLANG_CXX_LIBRARY = "libc++";
				CLANG_ENABLE_MODULES = YES;
				CLANG_ENABLE_OBJC_ARC = YES;
				CLANG_WARN_BOOL_CONVERSION = YES;
				CLANG_WARN_CONSTANT_CONVERSION = YES;
				CLANG_WARN_DIRECT_OBJC_ISA_USAGE = YES_ERROR;
				CLANG_WARN_DOCUMENTATION_COMMENTS = YES;
				CLANG_WARN_EMPTY_BODY = YES;
				CLANG_WARN_ENUM_CONVERSION = YES;
				CLANG_WARN_INFINITE_RECURSION = YES;
				CLANG_WARN_INT_CONVERSION = YES;
				CLANG_WARN_OBJC_ROOT_CLASS = YES_ERROR;
				CLANG_WARN_SUSPICIOUS_MOVES = YES;
				CLANG_WARN_UNREACHABLE_CODE = YES;
				CLANG_WARN__DUPLICATE_METHOD_MATCH = YES;
				"CODE_SIGN_IDENTITY[sdk=iphoneos*]" = "iPhone Developer";
				COPY_PHASE_STRIP = NO;
				DEBUG_INFORMATION_FORMAT = dwarf;
				ENABLE_STRICT_OBJC_MSGSEND = YES;
				ENABLE_TESTABILITY = YES;
				GCC_C_LANGUAGE_STANDARD = gnu99;
				GCC_DYNAMIC_NO_PIC = NO;
				GCC_NO_COMMON_BLOCKS = YES;
				GCC_OPTIMIZATION_LEVEL = 0;
				GCC_PREPROCESSOR_DEFINITIONS = (
					"DEBUG=1",
					"$(inherited)",
				);
				GCC_WARN_64_TO_32_BIT_CONVERSION = YES;
				GCC_WARN_ABOUT_RETURN_TYPE = YES_ERROR;
				GCC_WARN_UNDECLARED_SELECTOR = YES;
				GCC_WARN_UNINITIALIZED_AUTOS = YES_AGGRESSIVE;
				GCC_WARN_UNUSED_FUNCTION = YES;
				GCC_WARN_UNUSED_VARIABLE = YES;
				IPHONEOS_DEPLOYMENT_TARGET = 10.1;
				MTL_ENABLE_DEBUG_INFO = YES;
				ONLY_ACTIVE_ARCH = YES;
				SDKROOT = iphoneos;
				SWIFT_ACTIVE_COMPILATION_CONDITIONS = DEBUG;
				SWIFT_OPTIMIZATION_LEVEL = "-Onone";
			};
			name = Debug;
		};
		AAECCB7A1DF243AD004B7275 /* Release */ = {
			isa = XCBuildConfiguration;
			buildSettings = {
				ALWAYS_SEARCH_USER_PATHS = NO;
				CLANG_ANALYZER_NONNULL = YES;
				CLANG_CXX_LANGUAGE_STANDARD = "gnu++0x";
				CLANG_CXX_LIBRARY = "libc++";
				CLANG_ENABLE_MODULES = YES;
				CLANG_ENABLE_OBJC_ARC = YES;
				CLANG_WARN_BOOL_CONVERSION = YES;
				CLANG_WARN_CONSTANT_CONVERSION = YES;
				CLANG_WARN_DIRECT_OBJC_ISA_USAGE = YES_ERROR;
				CLANG_WARN_DOCUMENTATION_COMMENTS = YES;
				CLANG_WARN_EMPTY_BODY = YES;
				CLANG_WARN_ENUM_CONVERSION = YES;
				CLANG_WARN_INFINITE_RECURSION = YES;
				CLANG_WARN_INT_CONVERSION = YES;
				CLANG_WARN_OBJC_ROOT_CLASS = YES_ERROR;
				CLANG_WARN_SUSPICIOUS_MOVES = YES;
				CLANG_WARN_UNREACHABLE_CODE = YES;
				CLANG_WARN__DUPLICATE_METHOD_MATCH = YES;
				"CODE_SIGN_IDENTITY[sdk=iphoneos*]" = "iPhone Developer";
				COPY_PHASE_STRIP = NO;
				DEBUG_INFORMATION_FORMAT = "dwarf-with-dsym";
				ENABLE_NS_ASSERTIONS = NO;
				ENABLE_STRICT_OBJC_MSGSEND = YES;
				GCC_C_LANGUAGE_STANDARD = gnu99;
				GCC_NO_COMMON_BLOCKS = YES;
				GCC_WARN_64_TO_32_BIT_CONVERSION = YES;
				GCC_WARN_ABOUT_RETURN_TYPE = YES_ERROR;
				GCC_WARN_UNDECLARED_SELECTOR = YES;
				GCC_WARN_UNINITIALIZED_AUTOS = YES_AGGRESSIVE;
				GCC_WARN_UNUSED_FUNCTION = YES;
				GCC_WARN_UNUSED_VARIABLE = YES;
				IPHONEOS_DEPLOYMENT_TARGET = 10.1;
				MTL_ENABLE_DEBUG_INFO = NO;
				SDKROOT = iphoneos;
				SWIFT_OPTIMIZATION_LEVEL = "-Owholemodule";
				VALIDATE_PRODUCT = YES;
			};
			name = Release;
		};
		AAECCB7C1DF243AD004B7275 /* Debug */ = {
			isa = XCBuildConfiguration;
			buildSettings = {
				ASSETCATALOG_COMPILER_APPICON_NAME = AppIcon;
				DEVELOPMENT_TEAM = 47V5P5JJNR;
				INFOPLIST_FILE = Sherlock/Info.plist;
				LD_RUNPATH_SEARCH_PATHS = "$(inherited) @executable_path/Frameworks";
				PRODUCT_BUNDLE_IDENTIFIER = sw.Sherlock;
				PRODUCT_NAME = "$(TARGET_NAME)";
				SWIFT_VERSION = 3.0;
			};
			name = Debug;
		};
		AAECCB7D1DF243AD004B7275 /* Release */ = {
			isa = XCBuildConfiguration;
			buildSettings = {
				ASSETCATALOG_COMPILER_APPICON_NAME = AppIcon;
				DEVELOPMENT_TEAM = 47V5P5JJNR;
				INFOPLIST_FILE = Sherlock/Info.plist;
				LD_RUNPATH_SEARCH_PATHS = "$(inherited) @executable_path/Frameworks";
				PRODUCT_BUNDLE_IDENTIFIER = sw.Sherlock;
				PRODUCT_NAME = "$(TARGET_NAME)";
				SWIFT_VERSION = 3.0;
			};
			name = Release;
		};
/* End XCBuildConfiguration section */

/* Begin XCConfigurationList section */
		AAECCB641DF243AD004B7275 /* Build configuration list for PBXProject "Sherlock" */ = {
			isa = XCConfigurationList;
			buildConfigurations = (
				AAECCB791DF243AD004B7275 /* Debug */,
				AAECCB7A1DF243AD004B7275 /* Release */,
			);
			defaultConfigurationIsVisible = 0;
			defaultConfigurationName = Release;
		};
		AAECCB7B1DF243AD004B7275 /* Build configuration list for PBXNativeTarget "Sherlock" */ = {
			isa = XCConfigurationList;
			buildConfigurations = (
				AAECCB7C1DF243AD004B7275 /* Debug */,
				AAECCB7D1DF243AD004B7275 /* Release */,
			);
			defaultConfigurationIsVisible = 0;
			defaultConfigurationName = Release;
		};
/* End XCConfigurationList section */
	};
	rootObject = AAECCB611DF243AD004B7275 /* Project object */;
}
